{
  "name": "vrt-migration",
  "version": "1.2.0",
  "lockfileVersion": 1,
  "requires": true,
  "dependencies": {
    "@prisma/bar": {
      "version": "0.0.1",
      "resolved": "https://registry.npmjs.org/@prisma/bar/-/bar-0.0.1.tgz",
      "integrity": "sha512-FVLhwVkbfhXlBhroWfIXMLi+3Jh9IEzYp+9z+MUUiw3ZsbcoAil7CN9/QIjHc4/TcCRyRfuSmT7qCnn4O+TjJw==",
      "dev": true
    },
    "@prisma/cli": {
      "version": "2.12.1",
      "resolved": "https://registry.npmjs.org/@prisma/cli/-/cli-2.12.1.tgz",
      "integrity": "sha512-obkwK95dEeifCdVehG0rS0BlPQGLsOtc9U1MgbrjNX3MnhXQdwROnvymfPB3DBlNyoLoHGklPgi9UlwBokNXcQ==",
      "dev": true,
      "requires": {
        "@prisma/bar": "^0.0.1",
        "@prisma/engines": "2.12.0-18.cf0680a1bfe8d5e743dc659cc7f08009f9587d58"
      }
    },
    "@prisma/client": {
      "version": "2.12.1",
      "resolved": "https://registry.npmjs.org/@prisma/client/-/client-2.12.1.tgz",
      "integrity": "sha512-HP4/E9sRdxw/FB7XP4EeRa5ri8Lp1U/L7G4VAA95aM8C+8ARioQHMNDpEjC83NrOrOr4EcaZV5pXDDQL1H+F0g==",
      "requires": {
        "@prisma/engines-version": "2.12.0-18.cf0680a1bfe8d5e743dc659cc7f08009f9587d58"
      }
    },
    "@prisma/engines": {
      "version": "2.12.0-18.cf0680a1bfe8d5e743dc659cc7f08009f9587d58",
      "resolved": "https://registry.npmjs.org/@prisma/engines/-/engines-2.12.0-18.cf0680a1bfe8d5e743dc659cc7f08009f9587d58.tgz",
      "integrity": "sha512-F6RmUZ5JpPWxmGvVDji8c4gepHIGkvYbtuFi0IoDDJVaCVo8yS656stciKFyswI6/BLWXa0X47/MIMbz6nzw7g==",
      "dev": true
    },
    "@prisma/engines-version": {
      "version": "2.12.0-18.cf0680a1bfe8d5e743dc659cc7f08009f9587d58",
      "resolved": "https://registry.npmjs.org/@prisma/engines-version/-/engines-version-2.12.0-18.cf0680a1bfe8d5e743dc659cc7f08009f9587d58.tgz",
      "integrity": "sha512-IHb/Jag1Wmoq5tLZhOHP5zqLHEXqQEfrHb6l0drIBSvh2AF7yWQ3yyuD0ZEb1Nq37SvbBgop5wrWMOU8YWFTGQ=="
    },
    "@types/bcryptjs": {
      "version": "2.4.2",
      "resolved": "https://registry.npmjs.org/@types/bcryptjs/-/bcryptjs-2.4.2.tgz",
      "integrity": "sha512-LiMQ6EOPob/4yUL66SZzu6Yh77cbzJFYll+ZfaPiPPFswtIlA/Fs1MzdKYA7JApHU49zQTbJGX3PDmCpIdDBRQ==",
      "dev": true
    },
    "arg": {
      "version": "4.1.3",
      "resolved": "https://registry.npmjs.org/arg/-/arg-4.1.3.tgz",
      "integrity": "sha512-58S9QDqG0Xx27YwPSt9fJxivjYl432YCwfDMfZ+71RAqUrZef7LrKQZ3LHLOwCS4FLNBplP533Zx895SeOCHvA==",
      "dev": true
    },
    "bcryptjs": {
      "version": "2.4.3",
      "resolved": "https://registry.npmjs.org/bcryptjs/-/bcryptjs-2.4.3.tgz",
      "integrity": "sha1-mrVie5PmBiH/fNrF2pczAn3x0Ms="
    },
    "buffer-from": {
      "version": "1.1.1",
      "resolved": "https://registry.npmjs.org/buffer-from/-/buffer-from-1.1.1.tgz",
      "integrity": "sha512-MQcXEUbCKtEo7bhqEs6560Hyd4XaovZlO/k9V3hjVUF/zwW7KBVdSK4gIt/bzwS9MbR5qob+F5jusZsb0YQK2A==",
      "dev": true
    },
    "colors": {
      "version": "1.4.0",
      "resolved": "https://registry.npmjs.org/colors/-/colors-1.4.0.tgz",
      "integrity": "sha512-a+UqTh4kgZg/SlGvfbzDHpgRu7AAQOmmqRHJnxhRZICKFUT91brVhNNt58CMWU9PsBbv3PDCZUHbVxuDiH2mtA=="
    },
    "commander": {
      "version": "3.0.2",
      "resolved": "https://registry.npmjs.org/commander/-/commander-3.0.2.tgz",
      "integrity": "sha512-Gar0ASD4BDyKC4hl4DwHqDrmvjoxWKZigVnAbn5H1owvm4CxCPdb0HQDehwNYMJpla5+M2tPmPARzhtYuwpHow=="
    },
    "diff": {
      "version": "4.0.2",
      "resolved": "https://registry.npmjs.org/diff/-/diff-4.0.2.tgz",
      "integrity": "sha512-58lmxKSA4BNyLz+HHMUzlOEpg09FV+ev6ZMe3vJihgdxzgcwZ8VoEEPmALCZG9LmqfVoNMMKpttIYTVG6uDY7A==",
      "dev": true
    },
    "encode32": {
      "version": "1.1.0",
      "resolved": "https://registry.npmjs.org/encode32/-/encode32-1.1.0.tgz",
      "integrity": "sha1-DFS0X7MUrVUC48Iwy5Ws3F5c0d0="
    },
    "make-error": {
      "version": "1.3.6",
      "resolved": "https://registry.npmjs.org/make-error/-/make-error-1.3.6.tgz",
      "integrity": "sha512-s8UhlNe7vPKomQhC1qFelMokr/Sc3AgNbso3n74mVPA5LTZwkB9NlXf4XPamLxJE8h0gh73rM94xvwRT2CVInw==",
      "dev": true
    },
    "source-map": {
      "version": "0.6.1",
      "resolved": "https://registry.npmjs.org/source-map/-/source-map-0.6.1.tgz",
      "integrity": "sha512-UjgapumWlbMhkBgzT7Ykc5YXUT46F0iKu8SGXq0bcwP5dz/h0Plj6enJqjz1Zbq2l5WaqYnrVbwWOWMyF3F47g==",
      "dev": true
    },
    "source-map-support": {
      "version": "0.5.19",
      "resolved": "https://registry.npmjs.org/source-map-support/-/source-map-support-0.5.19.tgz",
      "integrity": "sha512-Wonm7zOCIJzBGQdB+thsPar0kYuCIzYvxZwlBa87yi/Mdjv7Tip2cyVbLj5o0cFPN4EVkuTwb3GDDyUx2DGnGw==",
      "dev": true,
      "requires": {
        "buffer-from": "^1.0.0",
        "source-map": "^0.6.0"
      }
    },
    "ts-node": {
      "version": "8.10.2",
      "resolved": "https://registry.npmjs.org/ts-node/-/ts-node-8.10.2.tgz",
      "integrity": "sha512-ISJJGgkIpDdBhWVu3jufsWpK3Rzo7bdiIXJjQc0ynKxVOVcg2oIrf2H2cejminGrptVc6q6/uynAHNCuWGbpVA==",
      "dev": true,
      "requires": {
        "arg": "^4.1.0",
        "diff": "^4.0.1",
        "make-error": "^1.1.1",
        "source-map-support": "^0.5.17",
        "yn": "3.1.1"
      }
    },
    "typescript": {
      "version": "3.9.7",
      "resolved": "https://registry.npmjs.org/typescript/-/typescript-3.9.7.tgz",
      "integrity": "sha512-BLbiRkiBzAwsjut4x/dsibSTB6yWpwT5qWmC2OfuCg3GgVQCSgMs4vEctYPhsaGtd0AeuuHMkjZ2h2WG8MSzRw==",
      "dev": true
    },
    "uuid": {
      "version": "3.4.0",
      "resolved": "https://registry.npmjs.org/uuid/-/uuid-3.4.0.tgz",
      "integrity": "sha512-HjSDRw6gZE5JMggctHBcjVak08+KEVhSIiDzFnT9S9aegmp85S/bReBVTb4QTFaRNptJ9kuYaNhnbNEOkbKb/A=="
    },
    "uuid-apikey": {
      "version": "1.4.6",
      "resolved": "https://registry.npmjs.org/uuid-apikey/-/uuid-apikey-1.4.6.tgz",
      "integrity": "sha512-ulcRze13Ic9nKGWsUgGgc7XJFMKM8nR7Oxc/tEUQeFbGyJzk4M2uO/BhVG1zSgERN/n1eTS15GB6hi/rSC+YSA==",
      "requires": {
        "colors": "^1.4.0",
        "commander": "^3.0.2",
        "encode32": "^1.1.0",
        "uuid": "^3.3.3"
      }
    },
    "yn": {
      "version": "3.1.1",
      "resolved": "https://registry.npmjs.org/yn/-/yn-3.1.1.tgz",
      "integrity": "sha512-Ux4ygGWsu2c7isFWe8Yu1YluJmqVhxqK2cLXNQA5AcC3QfbGNpM7fu0Y8b/z16pXLnFxZYvWhd3fhBY9DLmC6Q==",
      "dev": true
    }
  }
}
