# Prisma Migrate lockfile v1

20200503001556-init
20200524162125-baseline-history
20200526195312-approved-test-status-added
20200627134248-comment-added
20200707182652-project-name-unique-constraint
20200715232608-branch-strategy
20200728221159-zero-diff-tolerance
20200812213545-build-run-status
20200909223305-test-variation-project-id-added-into-unique-constraint
20201007145002-builds-counter
20201115155739-ci-build-id-added
20201201211711-test-run--temp-ignore-areas-added
20210118201534-build--project-id---ci-build-id-constraint
20210130115922-test-run-auto-approve-status-added
20210228121726-test-run--nullable-test-variation-id
20210405171118-github_243-set-empty-test-variation-tags-instead-of-null
20210425191116-github_215_project_config
20210517203552-add-custom-tags
20210605124856-image-compare-config-as-json
20210612140950-limit-build-number
20210705154453-baseline-author
20210709115233-gh-275-max-branch-lifetime
20210709133029-275-project-to-testrun-relation
20210724121852-roles