# IF THERE'S A GIT CONFLICT IN THIS FILE, DON'T SOLVE IT MANUALLY!
# INSTEAD EXECUTE `prisma migrate fix`
# Prisma Migrate lockfile v1
# Read more about conflict resolution here: TODO

20200503001556-init
20200523130656-test-run-owns-variation-data
20200524120957-baseline-history
20200524121750-baseline-history
20200524122552-baseline-history
20200524123205-test